
Microsoft Visual Studio Solution File, Format Version 12.00
# Visual Studio Version 16
VisualStudioVersion = 16.0.29306.81
MinimumVisualStudioVersion = 10.0.40219.1
Project("{FAE04EC0-301F-11D3-BF4B-00C04F79EFBC}") = "WPF_Test", "WpfApp1\WPF_Test.csproj", "{8D940285-8CA5-42F2-B922-938DFB1ABA5B}"
EndProject
Project("{FAE04EC0-301F-11D3-BF4B-00C04F79EFBC}") = "WPF Intro", "WPF Intro\WPF Intro.csproj", "{F4B76098-6467-40D3-ADE0-50420302CF47}"
EndProject
Project("{FAE04EC0-301F-11D3-BF4B-00C04F79EFBC}") = "v38 Labb", "v38 Labb\v38 Labb.csproj", "{ACC3A958-A7C5-4F25-8014-CCC8D94F0584}"
EndProject
Project("{FAE04EC0-301F-11D3-BF4B-00C04F79EFBC}") = "Miniraknare", "Miniraknare\Miniraknare.csproj", "{28BD4DEA-99DB-4092-916A-729A2834DF3A}"
EndProject
Project("{FAE04EC0-301F-11D3-BF4B-00C04F79EFBC}") = "v45 Abstrakt klass", "v45\v45 Abstrakt klass.csproj", "{0D3147F5-BD8C-43CD-983C-33F7B92B4ED8}"
EndProject
Project("{FAE04EC0-301F-11D3-BF4B-00C04F79EFBC}") = "v46 - Interface", "v46 - Interface\v46 - Interface.csproj", "{4E4F37FB-D45E-4D53-884D-C3E9C061F17B}"
EndProject
Project("{FAE04EC0-301F-11D3-BF4B-00C04F79EFBC}") = "v47 - Solid", "v47 - Solid\v47 - Solid.csproj", "{803F1699-3EB6-4D81-BB79-ED02DE877C14}"
EndProject
Project("{FAE04EC0-301F-11D3-BF4B-00C04F79EFBC}") = "Observer Pattern", "Observer Pattern\Observer Pattern.csproj", "{E6BEF36C-A212-4211-83E7-5AD015DB2CE5}"
EndProject
Project("{FAE04EC0-301F-11D3-BF4B-00C04F79EFBC}") = "MVC Pattern", "MVC Pattern\MVC Pattern.csproj", "{B4FCEDDA-A57A-404E-80CD-3108C026E039}"
EndProject
Global
	GlobalSection(SolutionConfigurationPlatforms) = preSolution
		Debug|Any CPU = Debug|Any CPU
		Release|Any CPU = Release|Any CPU
	EndGlobalSection
	GlobalSection(ProjectConfigurationPlatforms) = postSolution
		{8D940285-8CA5-42F2-B922-938DFB1ABA5B}.Debug|Any CPU.ActiveCfg = Debug|Any CPU
		{8D940285-8CA5-42F2-B922-938DFB1ABA5B}.Debug|Any CPU.Build.0 = Debug|Any CPU
		{8D940285-8CA5-42F2-B922-938DFB1ABA5B}.Release|Any CPU.ActiveCfg = Release|Any CPU
		{8D940285-8CA5-42F2-B922-938DFB1ABA5B}.Release|Any CPU.Build.0 = Release|Any CPU
		{F4B76098-6467-40D3-ADE0-50420302CF47}.Debug|Any CPU.ActiveCfg = Debug|Any CPU
		{F4B76098-6467-40D3-ADE0-50420302CF47}.Debug|Any CPU.Build.0 = Debug|Any CPU
		{F4B76098-6467-40D3-ADE0-50420302CF47}.Release|Any CPU.ActiveCfg = Release|Any CPU
		{F4B76098-6467-40D3-ADE0-50420302CF47}.Release|Any CPU.Build.0 = Release|Any CPU
		{ACC3A958-A7C5-4F25-8014-CCC8D94F0584}.Debug|Any CPU.ActiveCfg = Debug|Any CPU
		{ACC3A958-A7C5-4F25-8014-CCC8D94F0584}.Debug|Any CPU.Build.0 = Debug|Any CPU
		{ACC3A958-A7C5-4F25-8014-CCC8D94F0584}.Release|Any CPU.ActiveCfg = Release|Any CPU
		{ACC3A958-A7C5-4F25-8014-CCC8D94F0584}.Release|Any CPU.Build.0 = Release|Any CPU
		{28BD4DEA-99DB-4092-916A-729A2834DF3A}.Debug|Any CPU.ActiveCfg = Debug|Any CPU
		{28BD4DEA-99DB-4092-916A-729A2834DF3A}.Debug|Any CPU.Build.0 = Debug|Any CPU
		{28BD4DEA-99DB-4092-916A-729A2834DF3A}.Release|Any CPU.ActiveCfg = Release|Any CPU
		{28BD4DEA-99DB-4092-916A-729A2834DF3A}.Release|Any CPU.Build.0 = Release|Any CPU
		{0D3147F5-BD8C-43CD-983C-33F7B92B4ED8}.Debug|Any CPU.ActiveCfg = Debug|Any CPU
		{0D3147F5-BD8C-43CD-983C-33F7B92B4ED8}.Debug|Any CPU.Build.0 = Debug|Any CPU
		{0D3147F5-BD8C-43CD-983C-33F7B92B4ED8}.Release|Any CPU.ActiveCfg = Release|Any CPU
		{0D3147F5-BD8C-43CD-983C-33F7B92B4ED8}.Release|Any CPU.Build.0 = Release|Any CPU
		{4E4F37FB-D45E-4D53-884D-C3E9C061F17B}.Debug|Any CPU.ActiveCfg = Debug|Any CPU
		{4E4F37FB-D45E-4D53-884D-C3E9C061F17B}.Debug|Any CPU.Build.0 = Debug|Any CPU
		{4E4F37FB-D45E-4D53-884D-C3E9C061F17B}.Release|Any CPU.ActiveCfg = Release|Any CPU
		{4E4F37FB-D45E-4D53-884D-C3E9C061F17B}.Release|Any CPU.Build.0 = Release|Any CPU
		{803F1699-3EB6-4D81-BB79-ED02DE877C14}.Debug|Any CPU.ActiveCfg = Debug|Any CPU
		{803F1699-3EB6-4D81-BB79-ED02DE877C14}.Debug|Any CPU.Build.0 = Debug|Any CPU
		{803F1699-3EB6-4D81-BB79-ED02DE877C14}.Release|Any CPU.ActiveCfg = Release|Any CPU
		{803F1699-3EB6-4D81-BB79-ED02DE877C14}.Release|Any CPU.Build.0 = Release|Any CPU
		{E6BEF36C-A212-4211-83E7-5AD015DB2CE5}.Debug|Any CPU.ActiveCfg = Debug|Any CPU
		{E6BEF36C-A212-4211-83E7-5AD015DB2CE5}.Debug|Any CPU.Build.0 = Debug|Any CPU
		{E6BEF36C-A212-4211-83E7-5AD015DB2CE5}.Release|Any CPU.ActiveCfg = Release|Any CPU
		{E6BEF36C-A212-4211-83E7-5AD015DB2CE5}.Release|Any CPU.Build.0 = Release|Any CPU
		{B4FCEDDA-A57A-404E-80CD-3108C026E039}.Debug|Any CPU.ActiveCfg = Debug|Any CPU
		{B4FCEDDA-A57A-404E-80CD-3108C026E039}.Debug|Any CPU.Build.0 = Debug|Any CPU
		{B4FCEDDA-A57A-404E-80CD-3108C026E039}.Release|Any CPU.ActiveCfg = Release|Any CPU
		{B4FCEDDA-A57A-404E-80CD-3108C026E039}.Release|Any CPU.Build.0 = Release|Any CPU
	EndGlobalSection
	GlobalSection(SolutionProperties) = preSolution
		HideSolutionNode = FALSE
	EndGlobalSection
	GlobalSection(ExtensibilityGlobals) = postSolution
		SolutionGuid = {98F5D841-47F8-46F5-A5DB-77019B6A0319}
	EndGlobalSection
EndGlobal
